// !$*UTF8*$!
{
	archiveVersion = 1;
	classes = {
	};
	objectVersion = 56;
	objects = {

/* Begin PBXBuildFile section */
		5BEC48CF2B5BB152006417FE /* CryptoAppApp.swift in Sources */ = {isa = PBXBuildFile; fileRef = 5BEC48CE2B5BB152006417FE /* CryptoAppApp.swift */; };
		5BEC48D12B5BB152006417FE /* RootView.swift in Sources */ = {isa = PBXBuildFile; fileRef = 5BEC48D02B5BB152006417FE /* RootView.swift */; };
		5BEC48D32B5BB153006417FE /* Assets.xcassets in Resources */ = {isa = PBXBuildFile; fileRef = 5BEC48D22B5BB153006417FE /* Assets.xcassets */; };
		5BEC48D62B5BB153006417FE /* Preview Assets.xcassets in Resources */ = {isa = PBXBuildFile; fileRef = 5BEC48D52B5BB153006417FE /* Preview Assets.xcassets */; };
		5BEC48DE2B5BB301006417FE /* Localizable.strings in Resources */ = {isa = PBXBuildFile; fileRef = 5BEC48E02B5BB301006417FE /* Localizable.strings */; };
		5BEC48E52B5BB486006417FE /* Color+extension.swift in Sources */ = {isa = PBXBuildFile; fileRef = 5BEC48E42B5BB486006417FE /* Color+extension.swift */; };
		5BEC48EB2B5BB84A006417FE /* HomeView.swift in Sources */ = {isa = PBXBuildFile; fileRef = 5BEC48EA2B5BB84A006417FE /* HomeView.swift */; };
		5BEC48EF2B5BB9C1006417FE /* CircleButtonView.swift in Sources */ = {isa = PBXBuildFile; fileRef = 5BEC48EE2B5BB9C1006417FE /* CircleButtonView.swift */; };
		5BEC48F12B5BBCBD006417FE /* StringConstants.swift in Sources */ = {isa = PBXBuildFile; fileRef = 5BEC48F02B5BBCBD006417FE /* StringConstants.swift */; };
		5BEC48F32B5BC1BC006417FE /* CircleButtonAnimationView.swift in Sources */ = {isa = PBXBuildFile; fileRef = 5BEC48F22B5BC1BC006417FE /* CircleButtonAnimationView.swift */; };
/* End PBXBuildFile section */

/* Begin PBXFileReference section */
		5BEC48CB2B5BB152006417FE /* CryptoApp.app */ = {isa = PBXFileReference; explicitFileType = wrapper.application; includeInIndex = 0; path = CryptoApp.app; sourceTree = BUILT_PRODUCTS_DIR; };
		5BEC48CE2B5BB152006417FE /* CryptoAppApp.swift */ = {isa = PBXFileReference; lastKnownFileType = sourcecode.swift; path = CryptoAppApp.swift; sourceTree = "<group>"; };
		5BEC48D02B5BB152006417FE /* RootView.swift */ = {isa = PBXFileReference; lastKnownFileType = sourcecode.swift; path = RootView.swift; sourceTree = "<group>"; };
		5BEC48D22B5BB153006417FE /* Assets.xcassets */ = {isa = PBXFileReference; lastKnownFileType = folder.assetcatalog; path = Assets.xcassets; sourceTree = "<group>"; };
		5BEC48D52B5BB153006417FE /* Preview Assets.xcassets */ = {isa = PBXFileReference; lastKnownFileType = folder.assetcatalog; path = "Preview Assets.xcassets"; sourceTree = "<group>"; };
		5BEC48DF2B5BB301006417FE /* ru */ = {isa = PBXFileReference; lastKnownFileType = text.plist.strings; name = ru; path = ru.lproj/Localizable.strings; sourceTree = "<group>"; };
		5BEC48E12B5BB304006417FE /* en */ = {isa = PBXFileReference; lastKnownFileType = text.plist.strings; name = en; path = en.lproj/Localizable.strings; sourceTree = "<group>"; };
		5BEC48E42B5BB486006417FE /* Color+extension.swift */ = {isa = PBXFileReference; lastKnownFileType = sourcecode.swift; path = "Color+extension.swift"; sourceTree = "<group>"; };
		5BEC48EA2B5BB84A006417FE /* HomeView.swift */ = {isa = PBXFileReference; lastKnownFileType = sourcecode.swift; path = HomeView.swift; sourceTree = "<group>"; };
		5BEC48EE2B5BB9C1006417FE /* CircleButtonView.swift */ = {isa = PBXFileReference; lastKnownFileType = sourcecode.swift; path = CircleButtonView.swift; sourceTree = "<group>"; };
		5BEC48F02B5BBCBD006417FE /* StringConstants.swift */ = {isa = PBXFileReference; lastKnownFileType = sourcecode.swift; path = StringConstants.swift; sourceTree = "<group>"; };
		5BEC48F22B5BC1BC006417FE /* CircleButtonAnimationView.swift */ = {isa = PBXFileReference; lastKnownFileType = sourcecode.swift; path = CircleButtonAnimationView.swift; sourceTree = "<group>"; };
/* End PBXFileReference section */

/* Begin PBXFrameworksBuildPhase section */
		5BEC48C82B5BB152006417FE /* Frameworks */ = {
			isa = PBXFrameworksBuildPhase;
			buildActionMask = 2147483647;
			files = (
			);
			runOnlyForDeploymentPostprocessing = 0;
		};
/* End PBXFrameworksBuildPhase section */

/* Begin PBXGroup section */
		5BEC48C22B5BB152006417FE = {
			isa = PBXGroup;
			children = (
				5BEC48CD2B5BB152006417FE /* CryptoApp */,
				5BEC48CC2B5BB152006417FE /* Products */,
			);
			sourceTree = "<group>";
		};
		5BEC48CC2B5BB152006417FE /* Products */ = {
			isa = PBXGroup;
			children = (
				5BEC48CB2B5BB152006417FE /* CryptoApp.app */,
			);
			name = Products;
			sourceTree = "<group>";
		};
		5BEC48CD2B5BB152006417FE /* CryptoApp */ = {
			isa = PBXGroup;
			children = (
				5BEC48CE2B5BB152006417FE /* CryptoAppApp.swift */,
				5BEC48D02B5BB152006417FE /* RootView.swift */,
				5BEC48E62B5BB7F6006417FE /* Core */,
				5BEC48E32B5BB473006417FE /* Extensions */,
				5BEC48E22B5BB31B006417FE /* Resource */,
				5BEC48D42B5BB153006417FE /* Preview Content */,
			);
			path = CryptoApp;
			sourceTree = "<group>";
		};
		5BEC48D42B5BB153006417FE /* Preview Content */ = {
			isa = PBXGroup;
			children = (
				5BEC48D52B5BB153006417FE /* Preview Assets.xcassets */,
			);
			path = "Preview Content";
			sourceTree = "<group>";
		};
		5BEC48E22B5BB31B006417FE /* Resource */ = {
			isa = PBXGroup;
			children = (
				5BEC48D22B5BB153006417FE /* Assets.xcassets */,
				5BEC48E02B5BB301006417FE /* Localizable.strings */,
				5BEC48F02B5BBCBD006417FE /* StringConstants.swift */,
			);
			path = Resource;
			sourceTree = "<group>";
		};
		5BEC48E32B5BB473006417FE /* Extensions */ = {
			isa = PBXGroup;
			children = (
				5BEC48E42B5BB486006417FE /* Color+extension.swift */,
			);
			path = Extensions;
			sourceTree = "<group>";
		};
		5BEC48E62B5BB7F6006417FE /* Core */ = {
			isa = PBXGroup;
			children = (
				5BEC48EC2B5BB98D006417FE /* Components */,
				5BEC48E72B5BB80F006417FE /* HomeFlow */,
			);
			path = Core;
			sourceTree = "<group>";
		};
		5BEC48E72B5BB80F006417FE /* HomeFlow */ = {
			isa = PBXGroup;
			children = (
				5BEC48E92B5BB82B006417FE /* Views */,
				5BEC48E82B5BB823006417FE /* ViewModels */,
			);
			path = HomeFlow;
			sourceTree = "<group>";
		};
		5BEC48E82B5BB823006417FE /* ViewModels */ = {
			isa = PBXGroup;
			children = (
			);
			path = ViewModels;
			sourceTree = "<group>";
		};
		5BEC48E92B5BB82B006417FE /* Views */ = {
			isa = PBXGroup;
			children = (
				5BEC48EA2B5BB84A006417FE /* HomeView.swift */,
			);
			path = Views;
			sourceTree = "<group>";
		};
		5BEC48EC2B5BB98D006417FE /* Components */ = {
			isa = PBXGroup;
			children = (
				5BEC48ED2B5BB9A7006417FE /* CircleButtton */,
			);
			path = Components;
			sourceTree = "<group>";
		};
		5BEC48ED2B5BB9A7006417FE /* CircleButtton */ = {
			isa = PBXGroup;
			children = (
				5BEC48EE2B5BB9C1006417FE /* CircleButtonView.swift */,
				5BEC48F22B5BC1BC006417FE /* CircleButtonAnimationView.swift */,
			);
			path = CircleButtton;
			sourceTree = "<group>";
		};
/* End PBXGroup section */

/* Begin PBXNativeTarget section */
		5BEC48CA2B5BB152006417FE /* CryptoApp */ = {
			isa = PBXNativeTarget;
			buildConfigurationList = 5BEC48D92B5BB153006417FE /* Build configuration list for PBXNativeTarget "CryptoApp" */;
			buildPhases = (
				5BEC48C72B5BB152006417FE /* Sources */,
				5BEC48C82B5BB152006417FE /* Frameworks */,
				5BEC48C92B5BB152006417FE /* Resources */,
			);
			buildRules = (
			);
			dependencies = (
			);
			name = CryptoApp;
			productName = CryptoApp;
			productReference = 5BEC48CB2B5BB152006417FE /* CryptoApp.app */;
			productType = "com.apple.product-type.application";
		};
/* End PBXNativeTarget section */

/* Begin PBXProject section */
		5BEC48C32B5BB152006417FE /* Project object */ = {
			isa = PBXProject;
			attributes = {
				BuildIndependentTargetsInParallel = 1;
				LastSwiftUpdateCheck = 1500;
				LastUpgradeCheck = 1500;
				TargetAttributes = {
					5BEC48CA2B5BB152006417FE = {
						CreatedOnToolsVersion = 15.0.1;
					};
				};
			};
			buildConfigurationList = 5BEC48C62B5BB152006417FE /* Build configuration list for PBXProject "CryptoApp" */;
			compatibilityVersion = "Xcode 14.0";
			developmentRegion = en;
			hasScannedForEncodings = 0;
			knownRegions = (
				en,
				ru,
			);
			mainGroup = 5BEC48C22B5BB152006417FE;
			productRefGroup = 5BEC48CC2B5BB152006417FE /* Products */;
			projectDirPath = "";
			projectRoot = "";
			targets = (
				5BEC48CA2B5BB152006417FE /* CryptoApp */,
			);
		};
/* End PBXProject section */

/* Begin PBXResourcesBuildPhase section */
		5BEC48C92B5BB152006417FE /* Resources */ = {
			isa = PBXResourcesBuildPhase;
			buildActionMask = 2147483647;
			files = (
				5BEC48D62B5BB153006417FE /* Preview Assets.xcassets in Resources */,
				5BEC48DE2B5BB301006417FE /* Localizable.strings in Resources */,
				5BEC48D32B5BB153006417FE /* Assets.xcassets in Resources */,
			);
			runOnlyForDeploymentPostprocessing = 0;
		};
/* End PBXResourcesBuildPhase section */

/* Begin PBXSourcesBuildPhase section */
		5BEC48C72B5BB152006417FE /* Sources */ = {
			isa = PBXSourcesBuildPhase;
			buildActionMask = 2147483647;
			files = (
				5BEC48D12B5BB152006417FE /* RootView.swift in Sources */,
				5BEC48F32B5BC1BC006417FE /* CircleButtonAnimationView.swift in Sources */,
				5BEC48EB2B5BB84A006417FE /* HomeView.swift in Sources */,
				5BEC48F12B5BBCBD006417FE /* StringConstants.swift in Sources */,
				5BEC48E52B5BB486006417FE /* Color+extension.swift in Sources */,
				5BEC48EF2B5BB9C1006417FE /* CircleButtonView.swift in Sources */,
				5BEC48CF2B5BB152006417FE /* CryptoAppApp.swift in Sources */,
			);
			runOnlyForDeploymentPostprocessing = 0;
		};
/* End PBXSourcesBuildPhase section */

/* Begin PBXVariantGroup section */
		5BEC48E02B5BB301006417FE /* Localizable.strings */ = {
			isa = PBXVariantGroup;
			children = (
				5BEC48DF2B5BB301006417FE /* ru */,
				5BEC48E12B5BB304006417FE /* en */,
			);
			name = Localizable.strings;
			sourceTree = "<group>";
		};
/* End PBXVariantGroup section */

/* Begin XCBuildConfiguration section */
		5BEC48D72B5BB153006417FE /* Debug */ = {
			isa = XCBuildConfiguration;
			buildSettings = {
				ALWAYS_SEARCH_USER_PATHS = NO;
				ASSETCATALOG_COMPILER_GENERATE_SWIFT_ASSET_SYMBOL_EXTENSIONS = YES;
				CLANG_ANALYZER_NONNULL = YES;
				CLANG_ANALYZER_NUMBER_OBJECT_CONVERSION = YES_AGGRESSIVE;
				CLANG_CXX_LANGUAGE_STANDARD = "gnu++20";
				CLANG_ENABLE_MODULES = YES;
				CLANG_ENABLE_OBJC_ARC = YES;
				CLANG_ENABLE_OBJC_WEAK = YES;
				CLANG_WARN_BLOCK_CAPTURE_AUTORELEASING = YES;
				CLANG_WARN_BOOL_CONVERSION = YES;
				CLANG_WARN_COMMA = YES;
				CLANG_WARN_CONSTANT_CONVERSION = YES;
				CLANG_WARN_DEPRECATED_OBJC_IMPLEMENTATIONS = YES;
				CLANG_WARN_DIRECT_OBJC_ISA_USAGE = YES_ERROR;
				CLANG_WARN_DOCUMENTATION_COMMENTS = YES;
				CLANG_WARN_EMPTY_BODY = YES;
				CLANG_WARN_ENUM_CONVERSION = YES;
				CLANG_WARN_INFINITE_RECURSION = YES;
				CLANG_WARN_INT_CONVERSION = YES;
				CLANG_WARN_NON_LITERAL_NULL_CONVERSION = YES;
				CLANG_WARN_OBJC_IMPLICIT_RETAIN_SELF = YES;
				CLANG_WARN_OBJC_LITERAL_CONVERSION = YES;
				CLANG_WARN_OBJC_ROOT_CLASS = YES_ERROR;
				CLANG_WARN_QUOTED_INCLUDE_IN_FRAMEWORK_HEADER = YES;
				CLANG_WARN_RANGE_LOOP_ANALYSIS = YES;
				CLANG_WARN_STRICT_PROTOTYPES = YES;
				CLANG_WARN_SUSPICIOUS_MOVE = YES;
				CLANG_WARN_UNGUARDED_AVAILABILITY = YES_AGGRESSIVE;
				CLANG_WARN_UNREACHABLE_CODE = YES;
				CLANG_WARN__DUPLICATE_METHOD_MATCH = YES;
				COPY_PHASE_STRIP = NO;
				DEBUG_INFORMATION_FORMAT = dwarf;
				ENABLE_STRICT_OBJC_MSGSEND = YES;
				ENABLE_TESTABILITY = YES;
				ENABLE_USER_SCRIPT_SANDBOXING = YES;
				GCC_C_LANGUAGE_STANDARD = gnu17;
				GCC_DYNAMIC_NO_PIC = NO;
				GCC_NO_COMMON_BLOCKS = YES;
				GCC_OPTIMIZATION_LEVEL = 0;
				GCC_PREPROCESSOR_DEFINITIONS = (
					"DEBUG=1",
					"$(inherited)",
				);
				GCC_WARN_64_TO_32_BIT_CONVERSION = YES;
				GCC_WARN_ABOUT_RETURN_TYPE = YES_ERROR;
				GCC_WARN_UNDECLARED_SELECTOR = YES;
				GCC_WARN_UNINITIALIZED_AUTOS = YES_AGGRESSIVE;
				GCC_WARN_UNUSED_FUNCTION = YES;
				GCC_WARN_UNUSED_VARIABLE = YES;
				IPHONEOS_DEPLOYMENT_TARGET = 17.0;
				LOCALIZATION_PREFERS_STRING_CATALOGS = YES;
				MTL_ENABLE_DEBUG_INFO = INCLUDE_SOURCE;
				MTL_FAST_MATH = YES;
				ONLY_ACTIVE_ARCH = YES;
				SDKROOT = iphoneos;
				SWIFT_ACTIVE_COMPILATION_CONDITIONS = "DEBUG $(inherited)";
				SWIFT_OPTIMIZATION_LEVEL = "-Onone";
			};
			name = Debug;
		};
		5BEC48D82B5BB153006417FE /* Release */ = {
			isa = XCBuildConfiguration;
			buildSettings = {
				ALWAYS_SEARCH_USER_PATHS = NO;
				ASSETCATALOG_COMPILER_GENERATE_SWIFT_ASSET_SYMBOL_EXTENSIONS = YES;
				CLANG_ANALYZER_NONNULL = YES;
				CLANG_ANALYZER_NUMBER_OBJECT_CONVERSION = YES_AGGRESSIVE;
				CLANG_CXX_LANGUAGE_STANDARD = "gnu++20";
				CLANG_ENABLE_MODULES = YES;
				CLANG_ENABLE_OBJC_ARC = YES;
				CLANG_ENABLE_OBJC_WEAK = YES;
				CLANG_WARN_BLOCK_CAPTURE_AUTORELEASING = YES;
				CLANG_WARN_BOOL_CONVERSION = YES;
				CLANG_WARN_COMMA = YES;
				CLANG_WARN_CONSTANT_CONVERSION = YES;
				CLANG_WARN_DEPRECATED_OBJC_IMPLEMENTATIONS = YES;
				CLANG_WARN_DIRECT_OBJC_ISA_USAGE = YES_ERROR;
				CLANG_WARN_DOCUMENTATION_COMMENTS = YES;
				CLANG_WARN_EMPTY_BODY = YES;
				CLANG_WARN_ENUM_CONVERSION = YES;
				CLANG_WARN_INFINITE_RECURSION = YES;
				CLANG_WARN_INT_CONVERSION = YES;
				CLANG_WARN_NON_LITERAL_NULL_CONVERSION = YES;
				CLANG_WARN_OBJC_IMPLICIT_RETAIN_SELF = YES;
				CLANG_WARN_OBJC_LITERAL_CONVERSION = YES;
				CLANG_WARN_OBJC_ROOT_CLASS = YES_ERROR;
				CLANG_WARN_QUOTED_INCLUDE_IN_FRAMEWORK_HEADER = YES;
				CLANG_WARN_RANGE_LOOP_ANALYSIS = YES;
				CLANG_WARN_STRICT_PROTOTYPES = YES;
				CLANG_WARN_SUSPICIOUS_MOVE = YES;
				CLANG_WARN_UNGUARDED_AVAILABILITY = YES_AGGRESSIVE;
				CLANG_WARN_UNREACHABLE_CODE = YES;
				CLANG_WARN__DUPLICATE_METHOD_MATCH = YES;
				COPY_PHASE_STRIP = NO;
				DEBUG_INFORMATION_FORMAT = "dwarf-with-dsym";
				ENABLE_NS_ASSERTIONS = NO;
				ENABLE_STRICT_OBJC_MSGSEND = YES;
				ENABLE_USER_SCRIPT_SANDBOXING = YES;
				GCC_C_LANGUAGE_STANDARD = gnu17;
				GCC_NO_COMMON_BLOCKS = YES;
				GCC_WARN_64_TO_32_BIT_CONVERSION = YES;
				GCC_WARN_ABOUT_RETURN_TYPE = YES_ERROR;
				GCC_WARN_UNDECLARED_SELECTOR = YES;
				GCC_WARN_UNINITIALIZED_AUTOS = YES_AGGRESSIVE;
				GCC_WARN_UNUSED_FUNCTION = YES;
				GCC_WARN_UNUSED_VARIABLE = YES;
				IPHONEOS_DEPLOYMENT_TARGET = 17.0;
				LOCALIZATION_PREFERS_STRING_CATALOGS = YES;
				MTL_ENABLE_DEBUG_INFO = NO;
				MTL_FAST_MATH = YES;
				SDKROOT = iphoneos;
				SWIFT_COMPILATION_MODE = wholemodule;
				VALIDATE_PRODUCT = YES;
			};
			name = Release;
		};
		5BEC48DA2B5BB153006417FE /* Debug */ = {
			isa = XCBuildConfiguration;
			buildSettings = {
				ASSETCATALOG_COMPILER_APPICON_NAME = AppIcon;
				ASSETCATALOG_COMPILER_GLOBAL_ACCENT_COLOR_NAME = AccentColor;
				CODE_SIGN_STYLE = Automatic;
				CURRENT_PROJECT_VERSION = 1;
				DEVELOPMENT_ASSET_PATHS = "\"CryptoApp/Preview Content\"";
				DEVELOPMENT_TEAM = KL9Y7R8H95;
				ENABLE_PREVIEWS = YES;
				GENERATE_INFOPLIST_FILE = YES;
				INFOPLIST_KEY_CFBundleDisplayName = Crypto;
				INFOPLIST_KEY_LSApplicationCategoryType = "public.app-category.finance";
				INFOPLIST_KEY_UIApplicationSceneManifest_Generation = YES;
				INFOPLIST_KEY_UIApplicationSupportsIndirectInputEvents = YES;
				INFOPLIST_KEY_UILaunchScreen_Generation = YES;
				INFOPLIST_KEY_UISupportedInterfaceOrientations = UIInterfaceOrientationPortrait;
				INFOPLIST_KEY_UISupportedInterfaceOrientations_iPad = "UIInterfaceOrientationLandscapeLeft UIInterfaceOrientationLandscapeRight UIInterfaceOrientationPortrait UIInterfaceOrientationPortraitUpsideDown";
				IPHONEOS_DEPLOYMENT_TARGET = 15.0;
				LD_RUNPATH_SEARCH_PATHS = (
					"$(inherited)",
					"@executable_path/Frameworks",
				);
				MARKETING_VERSION = 1.0;
				PRODUCT_BUNDLE_IDENTIFIER = Aleksey.CryptoApp;
				PRODUCT_NAME = "$(TARGET_NAME)";
				SUPPORTED_PLATFORMS = "iphoneos iphonesimulator";
				SUPPORTS_MACCATALYST = NO;
				SUPPORTS_MAC_DESIGNED_FOR_IPHONE_IPAD = NO;
				SWIFT_EMIT_LOC_STRINGS = YES;
				SWIFT_VERSION = 5.0;
				TARGETED_DEVICE_FAMILY = 1;
			};
			name = Debug;
		};
		5BEC48DB2B5BB153006417FE /* Release */ = {
			isa = XCBuildConfiguration;
			buildSettings = {
				ASSETCATALOG_COMPILER_APPICON_NAME = AppIcon;
				ASSETCATALOG_COMPILER_GLOBAL_ACCENT_COLOR_NAME = AccentColor;
				CODE_SIGN_STYLE = Automatic;
				CURRENT_PROJECT_VERSION = 1;
				DEVELOPMENT_ASSET_PATHS = "\"CryptoApp/Preview Content\"";
				DEVELOPMENT_TEAM = KL9Y7R8H95;
				ENABLE_PREVIEWS = YES;
				GENERATE_INFOPLIST_FILE = YES;
				INFOPLIST_KEY_CFBundleDisplayName = Crypto;
				INFOPLIST_KEY_LSApplicationCategoryType = "public.app-category.finance";
				INFOPLIST_KEY_UIApplicationSceneManifest_Generation = YES;
				INFOPLIST_KEY_UIApplicationSupportsIndirectInputEvents = YES;
				INFOPLIST_KEY_UILaunchScreen_Generation = YES;
				INFOPLIST_KEY_UISupportedInterfaceOrientations = UIInterfaceOrientationPortrait;
				INFOPLIST_KEY_UISupportedInterfaceOrientations_iPad = "UIInterfaceOrientationLandscapeLeft UIInterfaceOrientationLandscapeRight UIInterfaceOrientationPortrait UIInterfaceOrientationPortraitUpsideDown";
				IPHONEOS_DEPLOYMENT_TARGET = 15.0;
				LD_RUNPATH_SEARCH_PATHS = (
					"$(inherited)",
					"@executable_path/Frameworks",
				);
				MARKETING_VERSION = 1.0;
				PRODUCT_BUNDLE_IDENTIFIER = Aleksey.CryptoApp;
				PRODUCT_NAME = "$(TARGET_NAME)";
				SUPPORTED_PLATFORMS = "iphoneos iphonesimulator";
				SUPPORTS_MACCATALYST = NO;
				SUPPORTS_MAC_DESIGNED_FOR_IPHONE_IPAD = NO;
				SWIFT_EMIT_LOC_STRINGS = YES;
				SWIFT_VERSION = 5.0;
				TARGETED_DEVICE_FAMILY = 1;
			};
			name = Release;
		};
/* End XCBuildConfiguration section */

/* Begin XCConfigurationList section */
		5BEC48C62B5BB152006417FE /* Build configuration list for PBXProject "CryptoApp" */ = {
			isa = XCConfigurationList;
			buildConfigurations = (
				5BEC48D72B5BB153006417FE /* Debug */,
				5BEC48D82B5BB153006417FE /* Release */,
			);
			defaultConfigurationIsVisible = 0;
			defaultConfigurationName = Release;
		};
		5BEC48D92B5BB153006417FE /* Build configuration list for PBXNativeTarget "CryptoApp" */ = {
			isa = XCConfigurationList;
			buildConfigurations = (
				5BEC48DA2B5BB153006417FE /* Debug */,
				5BEC48DB2B5BB153006417FE /* Release */,
			);
			defaultConfigurationIsVisible = 0;
			defaultConfigurationName = Release;
		};
/* End XCConfigurationList section */
	};
	rootObject = 5BEC48C32B5BB152006417FE /* Project object */;
}
