// !$*UTF8*$!
{
	archiveVersion = 1;
	classes = {
	};
	objectVersion = 56;
	objects = {

/* Begin PBXBuildFile section */
		5B041EA42B628ADD005DD847 /* NetworkingManager.swift in Sources */ = {isa = PBXBuildFile; fileRef = 5B041EA32B628ADD005DD847 /* NetworkingManager.swift */; };
		5B1383252B7B7B5E00A21BC2 /* CoinLogoView.swift in Sources */ = {isa = PBXBuildFile; fileRef = 5B1383242B7B7B5E00A21BC2 /* CoinLogoView.swift */; };
		5B22F9832B8B1FB1007A1664 /* DetailView.swift in Sources */ = {isa = PBXBuildFile; fileRef = 5B22F9822B8B1FB1007A1664 /* DetailView.swift */; };
		5B22F9852B8B257F007A1664 /* DetailViewLoading.swift in Sources */ = {isa = PBXBuildFile; fileRef = 5B22F9842B8B257F007A1664 /* DetailViewLoading.swift */; };
		5B3761A62B72521200357FAE /* StatisticModel.swift in Sources */ = {isa = PBXBuildFile; fileRef = 5B3761A52B72521200357FAE /* StatisticModel.swift */; };
		5B3761A82B72538200357FAE /* StatisticView.swift in Sources */ = {isa = PBXBuildFile; fileRef = 5B3761A72B72538200357FAE /* StatisticView.swift */; };
		5B3761AA2B7257BF00357FAE /* HomeStatsView.swift in Sources */ = {isa = PBXBuildFile; fileRef = 5B3761A92B7257BF00357FAE /* HomeStatsView.swift */; };
		5B46798F2B6CFD5800DE32E6 /* SearchBarView.swift in Sources */ = {isa = PBXBuildFile; fileRef = 5B46798E2B6CFD5800DE32E6 /* SearchBarView.swift */; };
		5B4679912B6D099E00DE32E6 /* HideKeybordWhenScrollingModifier.swift in Sources */ = {isa = PBXBuildFile; fileRef = 5B4679902B6D099E00DE32E6 /* HideKeybordWhenScrollingModifier.swift */; };
		5B4679932B6D09C500DE32E6 /* UIApplication+extension.swift in Sources */ = {isa = PBXBuildFile; fileRef = 5B4679922B6D09C500DE32E6 /* UIApplication+extension.swift */; };
		5B4D61152B5BF72700E8B77F /* CoinRowView.swift in Sources */ = {isa = PBXBuildFile; fileRef = 5B4D61142B5BF72700E8B77F /* CoinRowView.swift */; };
		5B4D61172B5BF77D00E8B77F /* PreviewProvider+extension.swift in Sources */ = {isa = PBXBuildFile; fileRef = 5B4D61162B5BF77D00E8B77F /* PreviewProvider+extension.swift */; };
		5B4D61192B5BFBBC00E8B77F /* Double+extension.swift in Sources */ = {isa = PBXBuildFile; fileRef = 5B4D61182B5BFBBC00E8B77F /* Double+extension.swift */; };
		5B4F6EB92B739FBE0004CBFA /* MarketDataModel.swift in Sources */ = {isa = PBXBuildFile; fileRef = 5B4F6EB82B739FBE0004CBFA /* MarketDataModel.swift */; };
		5B4F6EBB2B73A3630004CBFA /* MarketDataService.swift in Sources */ = {isa = PBXBuildFile; fileRef = 5B4F6EBA2B73A3630004CBFA /* MarketDataService.swift */; };
		5B6E05342B75051300A94630 /* PortfolioView.swift in Sources */ = {isa = PBXBuildFile; fileRef = 5B6E05332B75051300A94630 /* PortfolioView.swift */; };
		5B6E05362B75089400A94630 /* XmarkButton.swift in Sources */ = {isa = PBXBuildFile; fileRef = 5B6E05352B75089400A94630 /* XmarkButton.swift */; };
		5B8437E92B7CC83500557455 /* PortfolioContainer.xcdatamodeld in Sources */ = {isa = PBXBuildFile; fileRef = 5B8437E72B7CC83500557455 /* PortfolioContainer.xcdatamodeld */; };
		5B8437EB2B7CC89600557455 /* PortfolioDataService.swift in Sources */ = {isa = PBXBuildFile; fileRef = 5B8437EA2B7CC89600557455 /* PortfolioDataService.swift */; };
		5BA0CDCF2B61344400D91630 /* HomeViewModel.swift in Sources */ = {isa = PBXBuildFile; fileRef = 5BA0CDCE2B61344400D91630 /* HomeViewModel.swift */; };
		5BAC1AA02B64F3C300E59BF6 /* CoinImageView.swift in Sources */ = {isa = PBXBuildFile; fileRef = 5BAC1A9F2B64F3C300E59BF6 /* CoinImageView.swift */; };
		5BAC1AA32B64F61800E59BF6 /* CoinImageService.swift in Sources */ = {isa = PBXBuildFile; fileRef = 5BAC1AA22B64F61800E59BF6 /* CoinImageService.swift */; };
		5BAC1AA62B64F85800E59BF6 /* CoinImageViewModel.swift in Sources */ = {isa = PBXBuildFile; fileRef = 5BAC1AA52B64F85800E59BF6 /* CoinImageViewModel.swift */; };
		5BBB91142B5BD4A700876D30 /* CoinModel.swift in Sources */ = {isa = PBXBuildFile; fileRef = 5BBB91132B5BD4A700876D30 /* CoinModel.swift */; };
		5BD74AF82B626BEC009B929C /* CoinDataService.swift in Sources */ = {isa = PBXBuildFile; fileRef = 5BD74AF72B626BEC009B929C /* CoinDataService.swift */; };
		5BD74AFA2B626CB0009B929C /* Constants.swift in Sources */ = {isa = PBXBuildFile; fileRef = 5BD74AF92B626CB0009B929C /* Constants.swift */; };
		5BE17CEF2B889BF00043B96B /* HapticManager.swift in Sources */ = {isa = PBXBuildFile; fileRef = 5BE17CEE2B889BF00043B96B /* HapticManager.swift */; };
		5BEB30022B6512A00014ECC9 /* LocalFileManager.swift in Sources */ = {isa = PBXBuildFile; fileRef = 5BEB30012B6512A00014ECC9 /* LocalFileManager.swift */; };
		5BEC48CF2B5BB152006417FE /* CryptoAppApp.swift in Sources */ = {isa = PBXBuildFile; fileRef = 5BEC48CE2B5BB152006417FE /* CryptoAppApp.swift */; };
		5BEC48D12B5BB152006417FE /* RootView.swift in Sources */ = {isa = PBXBuildFile; fileRef = 5BEC48D02B5BB152006417FE /* RootView.swift */; };
		5BEC48D32B5BB153006417FE /* Assets.xcassets in Resources */ = {isa = PBXBuildFile; fileRef = 5BEC48D22B5BB153006417FE /* Assets.xcassets */; };
		5BEC48D62B5BB153006417FE /* Preview Assets.xcassets in Resources */ = {isa = PBXBuildFile; fileRef = 5BEC48D52B5BB153006417FE /* Preview Assets.xcassets */; };
		5BEC48DE2B5BB301006417FE /* Localizable.strings in Resources */ = {isa = PBXBuildFile; fileRef = 5BEC48E02B5BB301006417FE /* Localizable.strings */; };
		5BEC48E52B5BB486006417FE /* Color+extension.swift in Sources */ = {isa = PBXBuildFile; fileRef = 5BEC48E42B5BB486006417FE /* Color+extension.swift */; };
		5BEC48EB2B5BB84A006417FE /* HomeView.swift in Sources */ = {isa = PBXBuildFile; fileRef = 5BEC48EA2B5BB84A006417FE /* HomeView.swift */; };
		5BEC48EF2B5BB9C1006417FE /* CircleButtonView.swift in Sources */ = {isa = PBXBuildFile; fileRef = 5BEC48EE2B5BB9C1006417FE /* CircleButtonView.swift */; };
		5BEC48F12B5BBCBD006417FE /* L10.swift in Sources */ = {isa = PBXBuildFile; fileRef = 5BEC48F02B5BBCBD006417FE /* L10.swift */; };
		5BEC48F32B5BC1BC006417FE /* CircleButtonAnimationView.swift in Sources */ = {isa = PBXBuildFile; fileRef = 5BEC48F22B5BC1BC006417FE /* CircleButtonAnimationView.swift */; };
/* End PBXBuildFile section */

/* Begin PBXFileReference section */
		5B041EA32B628ADD005DD847 /* NetworkingManager.swift */ = {isa = PBXFileReference; lastKnownFileType = sourcecode.swift; path = NetworkingManager.swift; sourceTree = "<group>"; };
		5B1383242B7B7B5E00A21BC2 /* CoinLogoView.swift */ = {isa = PBXFileReference; lastKnownFileType = sourcecode.swift; path = CoinLogoView.swift; sourceTree = "<group>"; };
		5B22F9822B8B1FB1007A1664 /* DetailView.swift */ = {isa = PBXFileReference; lastKnownFileType = sourcecode.swift; path = DetailView.swift; sourceTree = "<group>"; };
		5B22F9842B8B257F007A1664 /* DetailViewLoading.swift */ = {isa = PBXFileReference; lastKnownFileType = sourcecode.swift; path = DetailViewLoading.swift; sourceTree = "<group>"; };
		5B3761A52B72521200357FAE /* StatisticModel.swift */ = {isa = PBXFileReference; lastKnownFileType = sourcecode.swift; path = StatisticModel.swift; sourceTree = "<group>"; };
		5B3761A72B72538200357FAE /* StatisticView.swift */ = {isa = PBXFileReference; lastKnownFileType = sourcecode.swift; path = StatisticView.swift; sourceTree = "<group>"; };
		5B3761A92B7257BF00357FAE /* HomeStatsView.swift */ = {isa = PBXFileReference; lastKnownFileType = sourcecode.swift; path = HomeStatsView.swift; sourceTree = "<group>"; };
		5B46798E2B6CFD5800DE32E6 /* SearchBarView.swift */ = {isa = PBXFileReference; lastKnownFileType = sourcecode.swift; path = SearchBarView.swift; sourceTree = "<group>"; };
		5B4679902B6D099E00DE32E6 /* HideKeybordWhenScrollingModifier.swift */ = {isa = PBXFileReference; lastKnownFileType = sourcecode.swift; path = HideKeybordWhenScrollingModifier.swift; sourceTree = "<group>"; };
		5B4679922B6D09C500DE32E6 /* UIApplication+extension.swift */ = {isa = PBXFileReference; lastKnownFileType = sourcecode.swift; path = "UIApplication+extension.swift"; sourceTree = "<group>"; };
		5B4D61142B5BF72700E8B77F /* CoinRowView.swift */ = {isa = PBXFileReference; lastKnownFileType = sourcecode.swift; path = CoinRowView.swift; sourceTree = "<group>"; };
		5B4D61162B5BF77D00E8B77F /* PreviewProvider+extension.swift */ = {isa = PBXFileReference; lastKnownFileType = sourcecode.swift; path = "PreviewProvider+extension.swift"; sourceTree = "<group>"; };
		5B4D61182B5BFBBC00E8B77F /* Double+extension.swift */ = {isa = PBXFileReference; lastKnownFileType = sourcecode.swift; path = "Double+extension.swift"; sourceTree = "<group>"; };
		5B4F6EB82B739FBE0004CBFA /* MarketDataModel.swift */ = {isa = PBXFileReference; lastKnownFileType = sourcecode.swift; path = MarketDataModel.swift; sourceTree = "<group>"; };
		5B4F6EBA2B73A3630004CBFA /* MarketDataService.swift */ = {isa = PBXFileReference; lastKnownFileType = sourcecode.swift; path = MarketDataService.swift; sourceTree = "<group>"; };
		5B6E05332B75051300A94630 /* PortfolioView.swift */ = {isa = PBXFileReference; lastKnownFileType = sourcecode.swift; path = PortfolioView.swift; sourceTree = "<group>"; };
		5B6E05352B75089400A94630 /* XmarkButton.swift */ = {isa = PBXFileReference; lastKnownFileType = sourcecode.swift; path = XmarkButton.swift; sourceTree = "<group>"; };
		5B8437E82B7CC83500557455 /* PortfolioContainer.xcdatamodel */ = {isa = PBXFileReference; lastKnownFileType = wrapper.xcdatamodel; path = PortfolioContainer.xcdatamodel; sourceTree = "<group>"; };
		5B8437EA2B7CC89600557455 /* PortfolioDataService.swift */ = {isa = PBXFileReference; lastKnownFileType = sourcecode.swift; path = PortfolioDataService.swift; sourceTree = "<group>"; };
		5BA0CDCE2B61344400D91630 /* HomeViewModel.swift */ = {isa = PBXFileReference; lastKnownFileType = sourcecode.swift; path = HomeViewModel.swift; sourceTree = "<group>"; };
		5BAC1A9F2B64F3C300E59BF6 /* CoinImageView.swift */ = {isa = PBXFileReference; lastKnownFileType = sourcecode.swift; path = CoinImageView.swift; sourceTree = "<group>"; };
		5BAC1AA22B64F61800E59BF6 /* CoinImageService.swift */ = {isa = PBXFileReference; lastKnownFileType = sourcecode.swift; path = CoinImageService.swift; sourceTree = "<group>"; };
		5BAC1AA52B64F85800E59BF6 /* CoinImageViewModel.swift */ = {isa = PBXFileReference; lastKnownFileType = sourcecode.swift; path = CoinImageViewModel.swift; sourceTree = "<group>"; };
		5BBB91132B5BD4A700876D30 /* CoinModel.swift */ = {isa = PBXFileReference; lastKnownFileType = sourcecode.swift; path = CoinModel.swift; sourceTree = "<group>"; };
		5BD74AF72B626BEC009B929C /* CoinDataService.swift */ = {isa = PBXFileReference; lastKnownFileType = sourcecode.swift; path = CoinDataService.swift; sourceTree = "<group>"; };
		5BD74AF92B626CB0009B929C /* Constants.swift */ = {isa = PBXFileReference; lastKnownFileType = sourcecode.swift; path = Constants.swift; sourceTree = "<group>"; };
		5BE17CEE2B889BF00043B96B /* HapticManager.swift */ = {isa = PBXFileReference; lastKnownFileType = sourcecode.swift; path = HapticManager.swift; sourceTree = "<group>"; };
		5BEB30012B6512A00014ECC9 /* LocalFileManager.swift */ = {isa = PBXFileReference; lastKnownFileType = sourcecode.swift; path = LocalFileManager.swift; sourceTree = "<group>"; };
		5BEC48CB2B5BB152006417FE /* CryptoApp.app */ = {isa = PBXFileReference; explicitFileType = wrapper.application; includeInIndex = 0; path = CryptoApp.app; sourceTree = BUILT_PRODUCTS_DIR; };
		5BEC48CE2B5BB152006417FE /* CryptoAppApp.swift */ = {isa = PBXFileReference; lastKnownFileType = sourcecode.swift; path = CryptoAppApp.swift; sourceTree = "<group>"; };
		5BEC48D02B5BB152006417FE /* RootView.swift */ = {isa = PBXFileReference; lastKnownFileType = sourcecode.swift; path = RootView.swift; sourceTree = "<group>"; };
		5BEC48D22B5BB153006417FE /* Assets.xcassets */ = {isa = PBXFileReference; lastKnownFileType = folder.assetcatalog; path = Assets.xcassets; sourceTree = "<group>"; };
		5BEC48D52B5BB153006417FE /* Preview Assets.xcassets */ = {isa = PBXFileReference; lastKnownFileType = folder.assetcatalog; path = "Preview Assets.xcassets"; sourceTree = "<group>"; };
		5BEC48DF2B5BB301006417FE /* ru */ = {isa = PBXFileReference; lastKnownFileType = text.plist.strings; name = ru; path = ru.lproj/Localizable.strings; sourceTree = "<group>"; };
		5BEC48E12B5BB304006417FE /* en */ = {isa = PBXFileReference; lastKnownFileType = text.plist.strings; name = en; path = en.lproj/Localizable.strings; sourceTree = "<group>"; };
		5BEC48E42B5BB486006417FE /* Color+extension.swift */ = {isa = PBXFileReference; lastKnownFileType = sourcecode.swift; path = "Color+extension.swift"; sourceTree = "<group>"; };
		5BEC48EA2B5BB84A006417FE /* HomeView.swift */ = {isa = PBXFileReference; lastKnownFileType = sourcecode.swift; path = HomeView.swift; sourceTree = "<group>"; };
		5BEC48EE2B5BB9C1006417FE /* CircleButtonView.swift */ = {isa = PBXFileReference; lastKnownFileType = sourcecode.swift; path = CircleButtonView.swift; sourceTree = "<group>"; };
		5BEC48F02B5BBCBD006417FE /* L10.swift */ = {isa = PBXFileReference; lastKnownFileType = sourcecode.swift; path = L10.swift; sourceTree = "<group>"; };
		5BEC48F22B5BC1BC006417FE /* CircleButtonAnimationView.swift */ = {isa = PBXFileReference; lastKnownFileType = sourcecode.swift; path = CircleButtonAnimationView.swift; sourceTree = "<group>"; };
/* End PBXFileReference section */

/* Begin PBXFrameworksBuildPhase section */
		5BEC48C82B5BB152006417FE /* Frameworks */ = {
			isa = PBXFrameworksBuildPhase;
			buildActionMask = 2147483647;
			files = (
			);
			runOnlyForDeploymentPostprocessing = 0;
		};
/* End PBXFrameworksBuildPhase section */

/* Begin PBXGroup section */
		5B22F97E2B8B1F52007A1664 /* Home */ = {
			isa = PBXGroup;
			children = (
				5BEC48E92B5BB82B006417FE /* Views */,
				5BEC48E82B5BB823006417FE /* ViewModels */,
			);
			path = Home;
			sourceTree = "<group>";
		};
		5B22F97F2B8B1F64007A1664 /* Details */ = {
			isa = PBXGroup;
			children = (
				5B22F9802B8B1F81007A1664 /* Views */,
				5B22F9812B8B1F88007A1664 /* ViewModels */,
			);
			path = Details;
			sourceTree = "<group>";
		};
		5B22F9802B8B1F81007A1664 /* Views */ = {
			isa = PBXGroup;
			children = (
				5B22F9822B8B1FB1007A1664 /* DetailView.swift */,
				5B22F9842B8B257F007A1664 /* DetailViewLoading.swift */,
			);
			path = Views;
			sourceTree = "<group>";
		};
		5B22F9812B8B1F88007A1664 /* ViewModels */ = {
			isa = PBXGroup;
			children = (
			);
			path = ViewModels;
			sourceTree = "<group>";
		};
		5BAC1AA12B64F3CD00E59BF6 /* CoinImage */ = {
			isa = PBXGroup;
			children = (
				5BAC1A9F2B64F3C300E59BF6 /* CoinImageView.swift */,
				5BAC1AA52B64F85800E59BF6 /* CoinImageViewModel.swift */,
				5B1383242B7B7B5E00A21BC2 /* CoinLogoView.swift */,
			);
			path = CoinImage;
			sourceTree = "<group>";
		};
		5BAC1AA42B64F62300E59BF6 /* Managers */ = {
			isa = PBXGroup;
			children = (
				5B041EA32B628ADD005DD847 /* NetworkingManager.swift */,
				5BEB30012B6512A00014ECC9 /* LocalFileManager.swift */,
				5BE17CEE2B889BF00043B96B /* HapticManager.swift */,
			);
			path = Managers;
			sourceTree = "<group>";
		};
		5BBB91102B5BD48900876D30 /* Models */ = {
			isa = PBXGroup;
			children = (
				5BBB91132B5BD4A700876D30 /* CoinModel.swift */,
				5B3761A52B72521200357FAE /* StatisticModel.swift */,
				5B4F6EB82B739FBE0004CBFA /* MarketDataModel.swift */,
				5B8437E72B7CC83500557455 /* PortfolioContainer.xcdatamodeld */,
			);
			path = Models;
			sourceTree = "<group>";
		};
		5BD74AF62B626B55009B929C /* Services */ = {
			isa = PBXGroup;
			children = (
				5BD74AF72B626BEC009B929C /* CoinDataService.swift */,
				5BAC1AA22B64F61800E59BF6 /* CoinImageService.swift */,
				5B4F6EBA2B73A3630004CBFA /* MarketDataService.swift */,
				5B8437EA2B7CC89600557455 /* PortfolioDataService.swift */,
			);
			path = Services;
			sourceTree = "<group>";
		};
		5BEC48C22B5BB152006417FE = {
			isa = PBXGroup;
			children = (
				5BEC48CD2B5BB152006417FE /* CryptoApp */,
				5BEC48CC2B5BB152006417FE /* Products */,
			);
			sourceTree = "<group>";
		};
		5BEC48CC2B5BB152006417FE /* Products */ = {
			isa = PBXGroup;
			children = (
				5BEC48CB2B5BB152006417FE /* CryptoApp.app */,
			);
			name = Products;
			sourceTree = "<group>";
		};
		5BEC48CD2B5BB152006417FE /* CryptoApp */ = {
			isa = PBXGroup;
			children = (
				5BEC48CE2B5BB152006417FE /* CryptoAppApp.swift */,
				5BEC48D02B5BB152006417FE /* RootView.swift */,
				5BEC48E62B5BB7F6006417FE /* Core */,
				5BBB91102B5BD48900876D30 /* Models */,
				5BEC48E32B5BB473006417FE /* Extensions */,
				5BEC48E22B5BB31B006417FE /* Resource */,
				5BEC48D42B5BB153006417FE /* Preview Content */,
			);
			path = CryptoApp;
			sourceTree = "<group>";
		};
		5BEC48D42B5BB153006417FE /* Preview Content */ = {
			isa = PBXGroup;
			children = (
				5BEC48D52B5BB153006417FE /* Preview Assets.xcassets */,
			);
			path = "Preview Content";
			sourceTree = "<group>";
		};
		5BEC48E22B5BB31B006417FE /* Resource */ = {
			isa = PBXGroup;
			children = (
				5BEC48D22B5BB153006417FE /* Assets.xcassets */,
				5BEC48E02B5BB301006417FE /* Localizable.strings */,
				5BEC48F02B5BBCBD006417FE /* L10.swift */,
				5BD74AF92B626CB0009B929C /* Constants.swift */,
			);
			path = Resource;
			sourceTree = "<group>";
		};
		5BEC48E32B5BB473006417FE /* Extensions */ = {
			isa = PBXGroup;
			children = (
				5BEC48E42B5BB486006417FE /* Color+extension.swift */,
				5B4D61162B5BF77D00E8B77F /* PreviewProvider+extension.swift */,
				5B4D61182B5BFBBC00E8B77F /* Double+extension.swift */,
				5B4679902B6D099E00DE32E6 /* HideKeybordWhenScrollingModifier.swift */,
				5B4679922B6D09C500DE32E6 /* UIApplication+extension.swift */,
			);
			path = Extensions;
			sourceTree = "<group>";
		};
		5BEC48E62B5BB7F6006417FE /* Core */ = {
			isa = PBXGroup;
			children = (
				5BAC1AA42B64F62300E59BF6 /* Managers */,
				5BD74AF62B626B55009B929C /* Services */,
				5BEC48EC2B5BB98D006417FE /* Components */,
				5BEC48E72B5BB80F006417FE /* HomeFlow */,
			);
			path = Core;
			sourceTree = "<group>";
		};
		5BEC48E72B5BB80F006417FE /* HomeFlow */ = {
			isa = PBXGroup;
			children = (
				5B22F97E2B8B1F52007A1664 /* Home */,
				5B22F97F2B8B1F64007A1664 /* Details */,
			);
			path = HomeFlow;
			sourceTree = "<group>";
		};
		5BEC48E82B5BB823006417FE /* ViewModels */ = {
			isa = PBXGroup;
			children = (
				5BA0CDCE2B61344400D91630 /* HomeViewModel.swift */,
			);
			path = ViewModels;
			sourceTree = "<group>";
		};
		5BEC48E92B5BB82B006417FE /* Views */ = {
			isa = PBXGroup;
			children = (
				5BEC48EA2B5BB84A006417FE /* HomeView.swift */,
				5B4D61142B5BF72700E8B77F /* CoinRowView.swift */,
				5B3761A92B7257BF00357FAE /* HomeStatsView.swift */,
				5B6E05332B75051300A94630 /* PortfolioView.swift */,
			);
			path = Views;
			sourceTree = "<group>";
		};
		5BEC48EC2B5BB98D006417FE /* Components */ = {
			isa = PBXGroup;
			children = (
				5BAC1AA12B64F3CD00E59BF6 /* CoinImage */,
				5BEC48ED2B5BB9A7006417FE /* CircleButtton */,
				5B46798E2B6CFD5800DE32E6 /* SearchBarView.swift */,
				5B3761A72B72538200357FAE /* StatisticView.swift */,
				5B6E05352B75089400A94630 /* XmarkButton.swift */,
			);
			path = Components;
			sourceTree = "<group>";
		};
		5BEC48ED2B5BB9A7006417FE /* CircleButtton */ = {
			isa = PBXGroup;
			children = (
				5BEC48EE2B5BB9C1006417FE /* CircleButtonView.swift */,
				5BEC48F22B5BC1BC006417FE /* CircleButtonAnimationView.swift */,
			);
			path = CircleButtton;
			sourceTree = "<group>";
		};
/* End PBXGroup section */

/* Begin PBXNativeTarget section */
		5BEC48CA2B5BB152006417FE /* CryptoApp */ = {
			isa = PBXNativeTarget;
			buildConfigurationList = 5BEC48D92B5BB153006417FE /* Build configuration list for PBXNativeTarget "CryptoApp" */;
			buildPhases = (
				5BEC48C72B5BB152006417FE /* Sources */,
				5BEC48C82B5BB152006417FE /* Frameworks */,
				5BEC48C92B5BB152006417FE /* Resources */,
			);
			buildRules = (
			);
			dependencies = (
			);
			name = CryptoApp;
			productName = CryptoApp;
			productReference = 5BEC48CB2B5BB152006417FE /* CryptoApp.app */;
			productType = "com.apple.product-type.application";
		};
/* End PBXNativeTarget section */

/* Begin PBXProject section */
		5BEC48C32B5BB152006417FE /* Project object */ = {
			isa = PBXProject;
			attributes = {
				BuildIndependentTargetsInParallel = 1;
				LastSwiftUpdateCheck = 1500;
				LastUpgradeCheck = 1500;
				TargetAttributes = {
					5BEC48CA2B5BB152006417FE = {
						CreatedOnToolsVersion = 15.0.1;
					};
				};
			};
			buildConfigurationList = 5BEC48C62B5BB152006417FE /* Build configuration list for PBXProject "CryptoApp" */;
			compatibilityVersion = "Xcode 14.0";
			developmentRegion = en;
			hasScannedForEncodings = 0;
			knownRegions = (
				en,
				ru,
			);
			mainGroup = 5BEC48C22B5BB152006417FE;
			productRefGroup = 5BEC48CC2B5BB152006417FE /* Products */;
			projectDirPath = "";
			projectRoot = "";
			targets = (
				5BEC48CA2B5BB152006417FE /* CryptoApp */,
			);
		};
/* End PBXProject section */

/* Begin PBXResourcesBuildPhase section */
		5BEC48C92B5BB152006417FE /* Resources */ = {
			isa = PBXResourcesBuildPhase;
			buildActionMask = 2147483647;
			files = (
				5BEC48D62B5BB153006417FE /* Preview Assets.xcassets in Resources */,
				5BEC48DE2B5BB301006417FE /* Localizable.strings in Resources */,
				5BEC48D32B5BB153006417FE /* Assets.xcassets in Resources */,
			);
			runOnlyForDeploymentPostprocessing = 0;
		};
/* End PBXResourcesBuildPhase section */

/* Begin PBXSourcesBuildPhase section */
		5BEC48C72B5BB152006417FE /* Sources */ = {
			isa = PBXSourcesBuildPhase;
			buildActionMask = 2147483647;
			files = (
				5B22F9852B8B257F007A1664 /* DetailViewLoading.swift in Sources */,
				5B46798F2B6CFD5800DE32E6 /* SearchBarView.swift in Sources */,
				5B3761A82B72538200357FAE /* StatisticView.swift in Sources */,
				5BEC48D12B5BB152006417FE /* RootView.swift in Sources */,
				5BEC48F32B5BC1BC006417FE /* CircleButtonAnimationView.swift in Sources */,
				5B3761AA2B7257BF00357FAE /* HomeStatsView.swift in Sources */,
				5BEC48EB2B5BB84A006417FE /* HomeView.swift in Sources */,
				5BEC48F12B5BBCBD006417FE /* L10.swift in Sources */,
				5BBB91142B5BD4A700876D30 /* CoinModel.swift in Sources */,
				5BAC1AA02B64F3C300E59BF6 /* CoinImageView.swift in Sources */,
				5BEB30022B6512A00014ECC9 /* LocalFileManager.swift in Sources */,
				5BD74AF82B626BEC009B929C /* CoinDataService.swift in Sources */,
				5B4F6EBB2B73A3630004CBFA /* MarketDataService.swift in Sources */,
				5BAC1AA32B64F61800E59BF6 /* CoinImageService.swift in Sources */,
				5B4D61172B5BF77D00E8B77F /* PreviewProvider+extension.swift in Sources */,
				5BAC1AA62B64F85800E59BF6 /* CoinImageViewModel.swift in Sources */,
				5B3761A62B72521200357FAE /* StatisticModel.swift in Sources */,
				5BEC48E52B5BB486006417FE /* Color+extension.swift in Sources */,
				5BA0CDCF2B61344400D91630 /* HomeViewModel.swift in Sources */,
				5BEC48EF2B5BB9C1006417FE /* CircleButtonView.swift in Sources */,
				5B22F9832B8B1FB1007A1664 /* DetailView.swift in Sources */,
				5BE17CEF2B889BF00043B96B /* HapticManager.swift in Sources */,
				5B4679912B6D099E00DE32E6 /* HideKeybordWhenScrollingModifier.swift in Sources */,
				5B4F6EB92B739FBE0004CBFA /* MarketDataModel.swift in Sources */,
				5B8437E92B7CC83500557455 /* PortfolioContainer.xcdatamodeld in Sources */,
				5B6E05362B75089400A94630 /* XmarkButton.swift in Sources */,
				5B4679932B6D09C500DE32E6 /* UIApplication+extension.swift in Sources */,
				5B041EA42B628ADD005DD847 /* NetworkingManager.swift in Sources */,
				5B6E05342B75051300A94630 /* PortfolioView.swift in Sources */,
				5BEC48CF2B5BB152006417FE /* CryptoAppApp.swift in Sources */,
				5B1383252B7B7B5E00A21BC2 /* CoinLogoView.swift in Sources */,
				5BD74AFA2B626CB0009B929C /* Constants.swift in Sources */,
				5B4D61192B5BFBBC00E8B77F /* Double+extension.swift in Sources */,
				5B8437EB2B7CC89600557455 /* PortfolioDataService.swift in Sources */,
				5B4D61152B5BF72700E8B77F /* CoinRowView.swift in Sources */,
			);
			runOnlyForDeploymentPostprocessing = 0;
		};
/* End PBXSourcesBuildPhase section */

/* Begin PBXVariantGroup section */
		5BEC48E02B5BB301006417FE /* Localizable.strings */ = {
			isa = PBXVariantGroup;
			children = (
				5BEC48DF2B5BB301006417FE /* ru */,
				5BEC48E12B5BB304006417FE /* en */,
			);
			name = Localizable.strings;
			sourceTree = "<group>";
		};
/* End PBXVariantGroup section */

/* Begin XCBuildConfiguration section */
		5BEC48D72B5BB153006417FE /* Debug */ = {
			isa = XCBuildConfiguration;
			buildSettings = {
				ALWAYS_SEARCH_USER_PATHS = NO;
				ASSETCATALOG_COMPILER_GENERATE_SWIFT_ASSET_SYMBOL_EXTENSIONS = YES;
				CLANG_ANALYZER_NONNULL = YES;
				CLANG_ANALYZER_NUMBER_OBJECT_CONVERSION = YES_AGGRESSIVE;
				CLANG_CXX_LANGUAGE_STANDARD = "gnu++20";
				CLANG_ENABLE_MODULES = YES;
				CLANG_ENABLE_OBJC_ARC = YES;
				CLANG_ENABLE_OBJC_WEAK = YES;
				CLANG_WARN_BLOCK_CAPTURE_AUTORELEASING = YES;
				CLANG_WARN_BOOL_CONVERSION = YES;
				CLANG_WARN_COMMA = YES;
				CLANG_WARN_CONSTANT_CONVERSION = YES;
				CLANG_WARN_DEPRECATED_OBJC_IMPLEMENTATIONS = YES;
				CLANG_WARN_DIRECT_OBJC_ISA_USAGE = YES_ERROR;
				CLANG_WARN_DOCUMENTATION_COMMENTS = YES;
				CLANG_WARN_EMPTY_BODY = YES;
				CLANG_WARN_ENUM_CONVERSION = YES;
				CLANG_WARN_INFINITE_RECURSION = YES;
				CLANG_WARN_INT_CONVERSION = YES;
				CLANG_WARN_NON_LITERAL_NULL_CONVERSION = YES;
				CLANG_WARN_OBJC_IMPLICIT_RETAIN_SELF = YES;
				CLANG_WARN_OBJC_LITERAL_CONVERSION = YES;
				CLANG_WARN_OBJC_ROOT_CLASS = YES_ERROR;
				CLANG_WARN_QUOTED_INCLUDE_IN_FRAMEWORK_HEADER = YES;
				CLANG_WARN_RANGE_LOOP_ANALYSIS = YES;
				CLANG_WARN_STRICT_PROTOTYPES = YES;
				CLANG_WARN_SUSPICIOUS_MOVE = YES;
				CLANG_WARN_UNGUARDED_AVAILABILITY = YES_AGGRESSIVE;
				CLANG_WARN_UNREACHABLE_CODE = YES;
				CLANG_WARN__DUPLICATE_METHOD_MATCH = YES;
				COPY_PHASE_STRIP = NO;
				DEBUG_INFORMATION_FORMAT = dwarf;
				ENABLE_STRICT_OBJC_MSGSEND = YES;
				ENABLE_TESTABILITY = YES;
				ENABLE_USER_SCRIPT_SANDBOXING = YES;
				GCC_C_LANGUAGE_STANDARD = gnu17;
				GCC_DYNAMIC_NO_PIC = NO;
				GCC_NO_COMMON_BLOCKS = YES;
				GCC_OPTIMIZATION_LEVEL = 0;
				GCC_PREPROCESSOR_DEFINITIONS = (
					"DEBUG=1",
					"$(inherited)",
				);
				GCC_WARN_64_TO_32_BIT_CONVERSION = YES;
				GCC_WARN_ABOUT_RETURN_TYPE = YES_ERROR;
				GCC_WARN_UNDECLARED_SELECTOR = YES;
				GCC_WARN_UNINITIALIZED_AUTOS = YES_AGGRESSIVE;
				GCC_WARN_UNUSED_FUNCTION = YES;
				GCC_WARN_UNUSED_VARIABLE = YES;
				IPHONEOS_DEPLOYMENT_TARGET = 15.0;
				LOCALIZATION_PREFERS_STRING_CATALOGS = YES;
				MTL_ENABLE_DEBUG_INFO = INCLUDE_SOURCE;
				MTL_FAST_MATH = YES;
				ONLY_ACTIVE_ARCH = YES;
				SDKROOT = iphoneos;
				SWIFT_ACTIVE_COMPILATION_CONDITIONS = "DEBUG $(inherited)";
				SWIFT_OPTIMIZATION_LEVEL = "-Onone";
			};
			name = Debug;
		};
		5BEC48D82B5BB153006417FE /* Release */ = {
			isa = XCBuildConfiguration;
			buildSettings = {
				ALWAYS_SEARCH_USER_PATHS = NO;
				ASSETCATALOG_COMPILER_GENERATE_SWIFT_ASSET_SYMBOL_EXTENSIONS = YES;
				CLANG_ANALYZER_NONNULL = YES;
				CLANG_ANALYZER_NUMBER_OBJECT_CONVERSION = YES_AGGRESSIVE;
				CLANG_CXX_LANGUAGE_STANDARD = "gnu++20";
				CLANG_ENABLE_MODULES = YES;
				CLANG_ENABLE_OBJC_ARC = YES;
				CLANG_ENABLE_OBJC_WEAK = YES;
				CLANG_WARN_BLOCK_CAPTURE_AUTORELEASING = YES;
				CLANG_WARN_BOOL_CONVERSION = YES;
				CLANG_WARN_COMMA = YES;
				CLANG_WARN_CONSTANT_CONVERSION = YES;
				CLANG_WARN_DEPRECATED_OBJC_IMPLEMENTATIONS = YES;
				CLANG_WARN_DIRECT_OBJC_ISA_USAGE = YES_ERROR;
				CLANG_WARN_DOCUMENTATION_COMMENTS = YES;
				CLANG_WARN_EMPTY_BODY = YES;
				CLANG_WARN_ENUM_CONVERSION = YES;
				CLANG_WARN_INFINITE_RECURSION = YES;
				CLANG_WARN_INT_CONVERSION = YES;
				CLANG_WARN_NON_LITERAL_NULL_CONVERSION = YES;
				CLANG_WARN_OBJC_IMPLICIT_RETAIN_SELF = YES;
				CLANG_WARN_OBJC_LITERAL_CONVERSION = YES;
				CLANG_WARN_OBJC_ROOT_CLASS = YES_ERROR;
				CLANG_WARN_QUOTED_INCLUDE_IN_FRAMEWORK_HEADER = YES;
				CLANG_WARN_RANGE_LOOP_ANALYSIS = YES;
				CLANG_WARN_STRICT_PROTOTYPES = YES;
				CLANG_WARN_SUSPICIOUS_MOVE = YES;
				CLANG_WARN_UNGUARDED_AVAILABILITY = YES_AGGRESSIVE;
				CLANG_WARN_UNREACHABLE_CODE = YES;
				CLANG_WARN__DUPLICATE_METHOD_MATCH = YES;
				COPY_PHASE_STRIP = NO;
				DEBUG_INFORMATION_FORMAT = "dwarf-with-dsym";
				ENABLE_NS_ASSERTIONS = NO;
				ENABLE_STRICT_OBJC_MSGSEND = YES;
				ENABLE_USER_SCRIPT_SANDBOXING = YES;
				GCC_C_LANGUAGE_STANDARD = gnu17;
				GCC_NO_COMMON_BLOCKS = YES;
				GCC_WARN_64_TO_32_BIT_CONVERSION = YES;
				GCC_WARN_ABOUT_RETURN_TYPE = YES_ERROR;
				GCC_WARN_UNDECLARED_SELECTOR = YES;
				GCC_WARN_UNINITIALIZED_AUTOS = YES_AGGRESSIVE;
				GCC_WARN_UNUSED_FUNCTION = YES;
				GCC_WARN_UNUSED_VARIABLE = YES;
				IPHONEOS_DEPLOYMENT_TARGET = 15.0;
				LOCALIZATION_PREFERS_STRING_CATALOGS = YES;
				MTL_ENABLE_DEBUG_INFO = NO;
				MTL_FAST_MATH = YES;
				SDKROOT = iphoneos;
				SWIFT_COMPILATION_MODE = wholemodule;
				VALIDATE_PRODUCT = YES;
			};
			name = Release;
		};
		5BEC48DA2B5BB153006417FE /* Debug */ = {
			isa = XCBuildConfiguration;
			buildSettings = {
				ASSETCATALOG_COMPILER_APPICON_NAME = AppIcon;
				ASSETCATALOG_COMPILER_GLOBAL_ACCENT_COLOR_NAME = AccentColor;
				CODE_SIGN_STYLE = Automatic;
				CURRENT_PROJECT_VERSION = 1;
				DEVELOPMENT_ASSET_PATHS = "\"CryptoApp/Preview Content\"";
				DEVELOPMENT_TEAM = KL9Y7R8H95;
				ENABLE_PREVIEWS = YES;
				GENERATE_INFOPLIST_FILE = YES;
				INFOPLIST_KEY_CFBundleDisplayName = Crypto;
				INFOPLIST_KEY_LSApplicationCategoryType = "public.app-category.finance";
				INFOPLIST_KEY_UIApplicationSceneManifest_Generation = YES;
				INFOPLIST_KEY_UIApplicationSupportsIndirectInputEvents = YES;
				INFOPLIST_KEY_UILaunchScreen_Generation = YES;
				INFOPLIST_KEY_UISupportedInterfaceOrientations = UIInterfaceOrientationPortrait;
				INFOPLIST_KEY_UISupportedInterfaceOrientations_iPad = "UIInterfaceOrientationLandscapeLeft UIInterfaceOrientationLandscapeRight UIInterfaceOrientationPortrait UIInterfaceOrientationPortraitUpsideDown";
				IPHONEOS_DEPLOYMENT_TARGET = 15.0;
				LD_RUNPATH_SEARCH_PATHS = (
					"$(inherited)",
					"@executable_path/Frameworks",
				);
				MARKETING_VERSION = 1.0;
				PRODUCT_BUNDLE_IDENTIFIER = Aleksey.CryptoApp;
				PRODUCT_NAME = "$(TARGET_NAME)";
				SUPPORTED_PLATFORMS = "iphoneos iphonesimulator";
				SUPPORTS_MACCATALYST = NO;
				SUPPORTS_MAC_DESIGNED_FOR_IPHONE_IPAD = NO;
				SWIFT_EMIT_LOC_STRINGS = YES;
				SWIFT_VERSION = 5.0;
				TARGETED_DEVICE_FAMILY = 1;
			};
			name = Debug;
		};
		5BEC48DB2B5BB153006417FE /* Release */ = {
			isa = XCBuildConfiguration;
			buildSettings = {
				ASSETCATALOG_COMPILER_APPICON_NAME = AppIcon;
				ASSETCATALOG_COMPILER_GLOBAL_ACCENT_COLOR_NAME = AccentColor;
				CODE_SIGN_STYLE = Automatic;
				CURRENT_PROJECT_VERSION = 1;
				DEVELOPMENT_ASSET_PATHS = "\"CryptoApp/Preview Content\"";
				DEVELOPMENT_TEAM = KL9Y7R8H95;
				ENABLE_PREVIEWS = YES;
				GENERATE_INFOPLIST_FILE = YES;
				INFOPLIST_KEY_CFBundleDisplayName = Crypto;
				INFOPLIST_KEY_LSApplicationCategoryType = "public.app-category.finance";
				INFOPLIST_KEY_UIApplicationSceneManifest_Generation = YES;
				INFOPLIST_KEY_UIApplicationSupportsIndirectInputEvents = YES;
				INFOPLIST_KEY_UILaunchScreen_Generation = YES;
				INFOPLIST_KEY_UISupportedInterfaceOrientations = UIInterfaceOrientationPortrait;
				INFOPLIST_KEY_UISupportedInterfaceOrientations_iPad = "UIInterfaceOrientationLandscapeLeft UIInterfaceOrientationLandscapeRight UIInterfaceOrientationPortrait UIInterfaceOrientationPortraitUpsideDown";
				IPHONEOS_DEPLOYMENT_TARGET = 15.0;
				LD_RUNPATH_SEARCH_PATHS = (
					"$(inherited)",
					"@executable_path/Frameworks",
				);
				MARKETING_VERSION = 1.0;
				PRODUCT_BUNDLE_IDENTIFIER = Aleksey.CryptoApp;
				PRODUCT_NAME = "$(TARGET_NAME)";
				SUPPORTED_PLATFORMS = "iphoneos iphonesimulator";
				SUPPORTS_MACCATALYST = NO;
				SUPPORTS_MAC_DESIGNED_FOR_IPHONE_IPAD = NO;
				SWIFT_EMIT_LOC_STRINGS = YES;
				SWIFT_VERSION = 5.0;
				TARGETED_DEVICE_FAMILY = 1;
			};
			name = Release;
		};
/* End XCBuildConfiguration section */

/* Begin XCConfigurationList section */
		5BEC48C62B5BB152006417FE /* Build configuration list for PBXProject "CryptoApp" */ = {
			isa = XCConfigurationList;
			buildConfigurations = (
				5BEC48D72B5BB153006417FE /* Debug */,
				5BEC48D82B5BB153006417FE /* Release */,
			);
			defaultConfigurationIsVisible = 0;
			defaultConfigurationName = Release;
		};
		5BEC48D92B5BB153006417FE /* Build configuration list for PBXNativeTarget "CryptoApp" */ = {
			isa = XCConfigurationList;
			buildConfigurations = (
				5BEC48DA2B5BB153006417FE /* Debug */,
				5BEC48DB2B5BB153006417FE /* Release */,
			);
			defaultConfigurationIsVisible = 0;
			defaultConfigurationName = Release;
		};
/* End XCConfigurationList section */

/* Begin XCVersionGroup section */
		5B8437E72B7CC83500557455 /* PortfolioContainer.xcdatamodeld */ = {
			isa = XCVersionGroup;
			children = (
				5B8437E82B7CC83500557455 /* PortfolioContainer.xcdatamodel */,
			);
			currentVersion = 5B8437E82B7CC83500557455 /* PortfolioContainer.xcdatamodel */;
			path = PortfolioContainer.xcdatamodeld;
			sourceTree = "<group>";
			versionGroupType = wrapper.xcdatamodel;
		};
/* End XCVersionGroup section */
	};
	rootObject = 5BEC48C32B5BB152006417FE /* Project object */;
}
